{
  "name": "homefree-admin",
  "version": "0.0.1",
  "lockfileVersion": 3,
  "requires": true,
  "packages": {
    "": {
      "name": "homefree-admin",
      "version": "0.0.1",
      "dependencies": {
        "@netflix/x-element": "github:netflix/x-element"
      }
    },
    "node_modules/@netflix/x-element": {
      "version": "1.1.2",
      "resolved": "git+ssh://git@github.com/netflix/x-element.git#aaefbba9b9b754c52ef292234ef751705908b888",
      "license": "Apache-2.0",
      "engines": {
        "node": "22.11.0",
        "npm": "10.9.0"
      }
    }
  }
}
